PODS:
  - Box (2.0)
  - Masonry (0.6.3)
  - ReactiveCocoa (2.5):
    - ReactiveCocoa/UI (= 2.5)
  - ReactiveCocoa/Core (2.5):
    - ReactiveCocoa/no-arc
  - ReactiveCocoa/no-arc (2.5)
  - ReactiveCocoa/UI (2.5):
    - ReactiveCocoa/Core
  - Result (1.0.0)
  - SDWebImage (3.7.3):
    - SDWebImage/Core (= 3.7.3)
  - SDWebImage/Core (3.7.3)
  - TAPageControl (0.2.0)

DEPENDENCIES:
  - Box
  - Masonry
  - ReactiveCocoa
  - Result
  - SDWebImage
  - TAPageControl

SPEC CHECKSUMS:
  Box: 70713ca3679e4e11ad4c470e9b58265f506fc659
  Masonry: ff105a956abcd19a618b2028b121cb638d7a8e2f
  ReactiveCocoa: e2db045570aa97c695e7aa97c2bcab222ae51f4a
  Result: feaaff535eb59c414c6c7f95e6145ab991b1b07f
  SDWebImage: 1d2b1a1efda1ade1b00b6f8498865f8ddedc8a84
  TAPageControl: fd11d779bbb5c2464ca2f55dde9e288213ea8a9b

COCOAPODS: 0.39.0
